
Microsoft Visual Studio Solution File, Format Version 12.00
# Visual Studio Version 17
VisualStudioVersion = 17.2.32516.85
MinimumVisualStudioVersion = 10.0.40219.1
Project("{9A19103F-16F7-4668-BE54-9A1E7A4F7556}") = "World-Generation-CS", "World-Generation-CS\World-Generation-CS.csproj", "{EE230F52-3EED-453B-A065-F97BBC5028FD}"
EndProject
Project("{FAE04EC0-301F-11D3-BF4B-00C04F79EFBC}") = "World-Generation-CS-Tool", "World-Generation-CS-Tool\World-Generation-CS-Tool.csproj", "{F767B25A-C900-41BF-A58C-C2D7E819C87E}"
EndProject
Global
	GlobalSection(SolutionConfigurationPlatforms) = preSolution
		Debug|Any CPU = Debug|Any CPU
		Release|Any CPU = Release|Any CPU
	EndGlobalSection
	GlobalSection(ProjectConfigurationPlatforms) = postSolution
		{EE230F52-3EED-453B-A065-F97BBC5028FD}.Debug|Any CPU.ActiveCfg = Debug|Any CPU
		{EE230F52-3EED-453B-A065-F97BBC5028FD}.Debug|Any CPU.Build.0 = Debug|Any CPU
		{EE230F52-3EED-453B-A065-F97BBC5028FD}.Release|Any CPU.ActiveCfg = Release|Any CPU
		{EE230F52-3EED-453B-A065-F97BBC5028FD}.Release|Any CPU.Build.0 = Release|Any CPU
		{F767B25A-C900-41BF-A58C-C2D7E819C87E}.Debug|Any CPU.ActiveCfg = Debug|Any CPU
		{F767B25A-C900-41BF-A58C-C2D7E819C87E}.Debug|Any CPU.Build.0 = Debug|Any CPU
		{F767B25A-C900-41BF-A58C-C2D7E819C87E}.Release|Any CPU.ActiveCfg = Release|Any CPU
		{F767B25A-C900-41BF-A58C-C2D7E819C87E}.Release|Any CPU.Build.0 = Release|Any CPU
	EndGlobalSection
	GlobalSection(SolutionProperties) = preSolution
		HideSolutionNode = FALSE
	EndGlobalSection
	GlobalSection(ExtensibilityGlobals) = postSolution
		SolutionGuid = {A9B50FBB-8D30-4027-931A-07DEC5185D82}
	EndGlobalSection
EndGlobal
